// !$*UTF8*$!
{
	archiveVersion = 1;
	classes = {
	};
	objectVersion = 56;
	objects = {

/* Begin PBXBuildFile section */
		AD11453029D84ED200627FCE /* doctorAuth.swift in Sources */ = {isa = PBXBuildFile; fileRef = AD11452F29D84ED200627FCE /* doctorAuth.swift */; };
		AD11453229D84EDD00627FCE /* patientAuth.swift in Sources */ = {isa = PBXBuildFile; fileRef = AD11453129D84EDD00627FCE /* patientAuth.swift */; };
		AD11453429D863AA00627FCE /* SessionManager.swift in Sources */ = {isa = PBXBuildFile; fileRef = AD11453329D863AA00627FCE /* SessionManager.swift */; };
		AD11453729D8662800627FCE /* doctorHome.swift in Sources */ = {isa = PBXBuildFile; fileRef = AD11453629D8662800627FCE /* doctorHome.swift */; };
		AD349D9729DE8E9000C8B94E /* locationView.swift in Sources */ = {isa = PBXBuildFile; fileRef = AD349D9629DE8E9000C8B94E /* locationView.swift */; };
		AD428ADD29DB13F800351BC3 /* mainMessagesView.swift in Sources */ = {isa = PBXBuildFile; fileRef = AD428ADC29DB13F800351BC3 /* mainMessagesView.swift */; };
		AD428AE329DD68FF00351BC3 /* SDWebImageSwiftUI in Frameworks */ = {isa = PBXBuildFile; productRef = AD428AE229DD68FF00351BC3 /* SDWebImageSwiftUI */; };
		AD428AE529DD72FA00351BC3 /* testU.swift in Sources */ = {isa = PBXBuildFile; fileRef = AD428AE429DD72FA00351BC3 /* testU.swift */; };
		AD428AE929DDB02400351BC3 /* chatSection.swift in Sources */ = {isa = PBXBuildFile; fileRef = AD428AE829DDB02400351BC3 /* chatSection.swift */; };
		AD428AEB29DDB3F900351BC3 /* appointmentModel.swift in Sources */ = {isa = PBXBuildFile; fileRef = AD428AEA29DDB3F900351BC3 /* appointmentModel.swift */; };
		AD51A3972997FFED007926BB /* userModel.swift in Sources */ = {isa = PBXBuildFile; fileRef = AD51A3962997FFED007926BB /* userModel.swift */; };
		AD529071299F3C3800425FD7 /* profileView.swift in Sources */ = {isa = PBXBuildFile; fileRef = AD529070299F3C3800425FD7 /* profileView.swift */; };
		AD529075299F489900425FD7 /* TruenoRound.otf in Resources */ = {isa = PBXBuildFile; fileRef = AD529074299F489800425FD7 /* TruenoRound.otf */; };
		AD529078299FD70500425FD7 /* editProfile.swift in Sources */ = {isa = PBXBuildFile; fileRef = AD529077299FD70500425FD7 /* editProfile.swift */; };
		AD529087299FFD1800425FD7 /* catogeryDetails.swift in Sources */ = {isa = PBXBuildFile; fileRef = AD529086299FFD1800425FD7 /* catogeryDetails.swift */; };
		AD90B895299B6523005F932F /* redirectAuth.swift in Sources */ = {isa = PBXBuildFile; fileRef = AD90B894299B6523005F932F /* redirectAuth.swift */; };
		AD9E5CF529A23DC500778157 /* catagoryModel.swift in Sources */ = {isa = PBXBuildFile; fileRef = AD9E5CF429A23DC500778157 /* catagoryModel.swift */; };
		ADAB92F42990314400F8D1FA /* medicozApp.swift in Sources */ = {isa = PBXBuildFile; fileRef = ADAB92F32990314400F8D1FA /* medicozApp.swift */; };
		ADAB92F62990314400F8D1FA /* ContentView.swift in Sources */ = {isa = PBXBuildFile; fileRef = ADAB92F52990314400F8D1FA /* ContentView.swift */; };
		ADAB92F82990314500F8D1FA /* Assets.xcassets in Resources */ = {isa = PBXBuildFile; fileRef = ADAB92F72990314500F8D1FA /* Assets.xcassets */; };
		ADAB92FB2990314500F8D1FA /* Preview Assets.xcassets in Resources */ = {isa = PBXBuildFile; fileRef = ADAB92FA2990314500F8D1FA /* Preview Assets.xcassets */; };
		ADAB9303299031C500F8D1FA /* FirebaseAuth in Frameworks */ = {isa = PBXBuildFile; productRef = ADAB9302299031C500F8D1FA /* FirebaseAuth */; };
		ADAB9305299031C500F8D1FA /* FirebaseDatabase in Frameworks */ = {isa = PBXBuildFile; productRef = ADAB9304299031C500F8D1FA /* FirebaseDatabase */; };
		ADAB9307299031C500F8D1FA /* FirebaseFirestore in Frameworks */ = {isa = PBXBuildFile; productRef = ADAB9306299031C500F8D1FA /* FirebaseFirestore */; };
		ADAB9309299031C500F8D1FA /* FirebaseStorage in Frameworks */ = {isa = PBXBuildFile; productRef = ADAB9308299031C500F8D1FA /* FirebaseStorage */; };
		ADAB93162990321700F8D1FA /* GoogleService-Info.plist in Resources */ = {isa = PBXBuildFile; fileRef = ADAB93112990321500F8D1FA /* GoogleService-Info.plist */; };
		ADAB93182990321700F8D1FA /* SplashScreenView.swift in Sources */ = {isa = PBXBuildFile; fileRef = ADAB93132990321500F8D1FA /* SplashScreenView.swift */; };
		ADAB93712990326200F8D1FA /* PTMono-Regular.ttf in Resources */ = {isa = PBXBuildFile; fileRef = ADAB93322990326200F8D1FA /* PTMono-Regular.ttf */; };
		ADAB93762990326200F8D1FA /* SpaceMono-Regular.ttf in Resources */ = {isa = PBXBuildFile; fileRef = ADAB93382990326200F8D1FA /* SpaceMono-Regular.ttf */; };
		ADAB93772990326200F8D1FA /* SourceCodePro-Regular.ttf in Resources */ = {isa = PBXBuildFile; fileRef = ADAB93392990326200F8D1FA /* SourceCodePro-Regular.ttf */; };
		ADAB938A2990326200F8D1FA /* Poppins-Regular.ttf in Resources */ = {isa = PBXBuildFile; fileRef = ADAB934D2990326200F8D1FA /* Poppins-Regular.ttf */; };
		ADAB938B2990326200F8D1FA /* MontserratAlternates-Regular.ttf in Resources */ = {isa = PBXBuildFile; fileRef = ADAB934E2990326200F8D1FA /* MontserratAlternates-Regular.ttf */; };
		ADAB93972990326200F8D1FA /* Catamaran-Regular.ttf in Resources */ = {isa = PBXBuildFile; fileRef = ADAB935C2990326200F8D1FA /* Catamaran-Regular.ttf */; };
		ADAB939D299032BD00F8D1FA /* forgotPassword.swift in Sources */ = {isa = PBXBuildFile; fileRef = ADAB9399299032BD00F8D1FA /* forgotPassword.swift */; };
		ADAB93B0299032E100F8D1FA /* patientHome.swift in Sources */ = {isa = PBXBuildFile; fileRef = ADAB93A7299032E100F8D1FA /* patientHome.swift */; };
		ADAB93B1299032E100F8D1FA /* PatientHomeView.swift in Sources */ = {isa = PBXBuildFile; fileRef = ADAB93A8299032E100F8D1FA /* PatientHomeView.swift */; };
		ADAB93B3299032E100F8D1FA /* imagePicker.swift in Sources */ = {isa = PBXBuildFile; fileRef = ADAB93AA299032E100F8D1FA /* imagePicker.swift */; };
		ADAB93B4299032E100F8D1FA /* medicalHistory.swift in Sources */ = {isa = PBXBuildFile; fileRef = ADAB93AB299032E100F8D1FA /* medicalHistory.swift */; };
		ADAB93B7299032E100F8D1FA /* appointmentView.swift in Sources */ = {isa = PBXBuildFile; fileRef = ADAB93AE299032E100F8D1FA /* appointmentView.swift */; };
		ADAB93C22990333400F8D1FA /* appointmentCard.swift in Sources */ = {isa = PBXBuildFile; fileRef = ADAB93BD2990333300F8D1FA /* appointmentCard.swift */; };
		ADAB93CA2990334000F8D1FA /* DataManager.swift in Sources */ = {isa = PBXBuildFile; fileRef = ADAB93C52990334000F8D1FA /* DataManager.swift */; };
		ADAB93CD2990334000F8D1FA /* Patient.swift in Sources */ = {isa = PBXBuildFile; fileRef = ADAB93C82990334000F8D1FA /* Patient.swift */; };
		ADAC893A29E2C5A400B1ED8D /* chatLogView.swift in Sources */ = {isa = PBXBuildFile; fileRef = ADAC893929E2C5A400B1ED8D /* chatLogView.swift */; };
		ADB5840B29D9668A00F47A76 /* doctorHomeView.swift in Sources */ = {isa = PBXBuildFile; fileRef = ADB5840A29D9668A00F47A76 /* doctorHomeView.swift */; };
		ADB5840F29D96E8D00F47A76 /* interactionHistory.swift in Sources */ = {isa = PBXBuildFile; fileRef = ADB5840E29D96E8D00F47A76 /* interactionHistory.swift */; };
		ADB5841129D96E9E00F47A76 /* doctorProfile.swift in Sources */ = {isa = PBXBuildFile; fileRef = ADB5841029D96E9E00F47A76 /* doctorProfile.swift */; };
		ADB5841B29D9C68500F47A76 /* sessionAuth.swift in Sources */ = {isa = PBXBuildFile; fileRef = ADB5841A29D9C68500F47A76 /* sessionAuth.swift */; };
		ADB5841F29DB04B000F47A76 /* patientAccountSetup.swift in Sources */ = {isa = PBXBuildFile; fileRef = ADB5841D29DB04B000F47A76 /* patientAccountSetup.swift */; };
		ADB5842029DB04B000F47A76 /* doctorAccountSetup.swift in Sources */ = {isa = PBXBuildFile; fileRef = ADB5841E29DB04B000F47A76 /* doctorAccountSetup.swift */; };
		ADC0274D29AB9C300092A967 /* documentLocker.swift in Sources */ = {isa = PBXBuildFile; fileRef = ADC0274C29AB9C300092A967 /* documentLocker.swift */; };
/* End PBXBuildFile section */

/* Begin PBXFileReference section */
		AD11452F29D84ED200627FCE /* doctorAuth.swift */ = {isa = PBXFileReference; lastKnownFileType = sourcecode.swift; path = doctorAuth.swift; sourceTree = "<group>"; };
		AD11453129D84EDD00627FCE /* patientAuth.swift */ = {isa = PBXFileReference; lastKnownFileType = sourcecode.swift; path = patientAuth.swift; sourceTree = "<group>"; };
		AD11453329D863AA00627FCE /* SessionManager.swift */ = {isa = PBXFileReference; lastKnownFileType = sourcecode.swift; path = SessionManager.swift; sourceTree = "<group>"; };
		AD11453629D8662800627FCE /* doctorHome.swift */ = {isa = PBXFileReference; lastKnownFileType = sourcecode.swift; path = doctorHome.swift; sourceTree = "<group>"; };
		AD349D9629DE8E9000C8B94E /* locationView.swift */ = {isa = PBXFileReference; lastKnownFileType = sourcecode.swift; path = locationView.swift; sourceTree = "<group>"; };
		AD428ADC29DB13F800351BC3 /* mainMessagesView.swift */ = {isa = PBXFileReference; lastKnownFileType = sourcecode.swift; path = mainMessagesView.swift; sourceTree = "<group>"; };
		AD428AE429DD72FA00351BC3 /* testU.swift */ = {isa = PBXFileReference; lastKnownFileType = sourcecode.swift; path = testU.swift; sourceTree = "<group>"; };
		AD428AE829DDB02400351BC3 /* chatSection.swift */ = {isa = PBXFileReference; lastKnownFileType = sourcecode.swift; path = chatSection.swift; sourceTree = "<group>"; };
		AD428AEA29DDB3F900351BC3 /* appointmentModel.swift */ = {isa = PBXFileReference; fileEncoding = 4; lastKnownFileType = sourcecode.swift; path = appointmentModel.swift; sourceTree = "<group>"; };
		AD51A3962997FFED007926BB /* userModel.swift */ = {isa = PBXFileReference; lastKnownFileType = sourcecode.swift; path = userModel.swift; sourceTree = "<group>"; };
		AD529070299F3C3800425FD7 /* profileView.swift */ = {isa = PBXFileReference; lastKnownFileType = sourcecode.swift; path = profileView.swift; sourceTree = "<group>"; };
		AD529074299F489800425FD7 /* TruenoRound.otf */ = {isa = PBXFileReference; lastKnownFileType = file; path = TruenoRound.otf; sourceTree = "<group>"; };
		AD529076299F48D300425FD7 /* Info.plist */ = {isa = PBXFileReference; lastKnownFileType = text.plist; path = Info.plist; sourceTree = "<group>"; };
		AD529077299FD70500425FD7 /* editProfile.swift */ = {isa = PBXFileReference; lastKnownFileType = sourcecode.swift; path = editProfile.swift; sourceTree = "<group>"; };
		AD529086299FFD1800425FD7 /* catogeryDetails.swift */ = {isa = PBXFileReference; lastKnownFileType = sourcecode.swift; path = catogeryDetails.swift; sourceTree = "<group>"; };
		AD90B894299B6523005F932F /* redirectAuth.swift */ = {isa = PBXFileReference; lastKnownFileType = sourcecode.swift; path = redirectAuth.swift; sourceTree = "<group>"; };
		AD9E5CF429A23DC500778157 /* catagoryModel.swift */ = {isa = PBXFileReference; lastKnownFileType = sourcecode.swift; path = catagoryModel.swift; sourceTree = "<group>"; };
		ADAB92F02990314400F8D1FA /* medicoz.app */ = {isa = PBXFileReference; explicitFileType = wrapper.application; includeInIndex = 0; path = medicoz.app; sourceTree = BUILT_PRODUCTS_DIR; };
		ADAB92F32990314400F8D1FA /* medicozApp.swift */ = {isa = PBXFileReference; lastKnownFileType = sourcecode.swift; path = medicozApp.swift; sourceTree = "<group>"; };
		ADAB92F52990314400F8D1FA /* ContentView.swift */ = {isa = PBXFileReference; lastKnownFileType = sourcecode.swift; path = ContentView.swift; sourceTree = "<group>"; };
		ADAB92F72990314500F8D1FA /* Assets.xcassets */ = {isa = PBXFileReference; lastKnownFileType = folder.assetcatalog; path = Assets.xcassets; sourceTree = "<group>"; };
		ADAB92FA2990314500F8D1FA /* Preview Assets.xcassets */ = {isa = PBXFileReference; lastKnownFileType = folder.assetcatalog; path = "Preview Assets.xcassets"; sourceTree = "<group>"; };
		ADAB93112990321500F8D1FA /* GoogleService-Info.plist */ = {isa = PBXFileReference; fileEncoding = 4; lastKnownFileType = text.plist.xml; path = "GoogleService-Info.plist"; sourceTree = "<group>"; };
		ADAB93132990321500F8D1FA /* SplashScreenView.swift */ = {isa = PBXFileReference; fileEncoding = 4; lastKnownFileType = sourcecode.swift; path = SplashScreenView.swift; sourceTree = "<group>"; };
		ADAB93322990326200F8D1FA /* PTMono-Regular.ttf */ = {isa = PBXFileReference; lastKnownFileType = file; path = "PTMono-Regular.ttf"; sourceTree = "<group>"; };
		ADAB93382990326200F8D1FA /* SpaceMono-Regular.ttf */ = {isa = PBXFileReference; lastKnownFileType = file; path = "SpaceMono-Regular.ttf"; sourceTree = "<group>"; };
		ADAB93392990326200F8D1FA /* SourceCodePro-Regular.ttf */ = {isa = PBXFileReference; lastKnownFileType = file; path = "SourceCodePro-Regular.ttf"; sourceTree = "<group>"; };
		ADAB934D2990326200F8D1FA /* Poppins-Regular.ttf */ = {isa = PBXFileReference; lastKnownFileType = file; path = "Poppins-Regular.ttf"; sourceTree = "<group>"; };
		ADAB934E2990326200F8D1FA /* MontserratAlternates-Regular.ttf */ = {isa = PBXFileReference; lastKnownFileType = file; path = "MontserratAlternates-Regular.ttf"; sourceTree = "<group>"; };
		ADAB935C2990326200F8D1FA /* Catamaran-Regular.ttf */ = {isa = PBXFileReference; lastKnownFileType = file; path = "Catamaran-Regular.ttf"; sourceTree = "<group>"; };
		ADAB9399299032BD00F8D1FA /* forgotPassword.swift */ = {isa = PBXFileReference; fileEncoding = 4; lastKnownFileType = sourcecode.swift; path = forgotPassword.swift; sourceTree = "<group>"; };
		ADAB93A7299032E100F8D1FA /* patientHome.swift */ = {isa = PBXFileReference; fileEncoding = 4; lastKnownFileType = sourcecode.swift; path = patientHome.swift; sourceTree = "<group>"; };
		ADAB93A8299032E100F8D1FA /* PatientHomeView.swift */ = {isa = PBXFileReference; fileEncoding = 4; lastKnownFileType = sourcecode.swift; path = PatientHomeView.swift; sourceTree = "<group>"; };
		ADAB93AA299032E100F8D1FA /* imagePicker.swift */ = {isa = PBXFileReference; fileEncoding = 4; lastKnownFileType = sourcecode.swift; path = imagePicker.swift; sourceTree = "<group>"; };
		ADAB93AB299032E100F8D1FA /* medicalHistory.swift */ = {isa = PBXFileReference; fileEncoding = 4; lastKnownFileType = sourcecode.swift; path = medicalHistory.swift; sourceTree = "<group>"; };
		ADAB93AE299032E100F8D1FA /* appointmentView.swift */ = {isa = PBXFileReference; fileEncoding = 4; lastKnownFileType = sourcecode.swift; path = appointmentView.swift; sourceTree = "<group>"; };
		ADAB93BD2990333300F8D1FA /* appointmentCard.swift */ = {isa = PBXFileReference; fileEncoding = 4; lastKnownFileType = sourcecode.swift; path = appointmentCard.swift; sourceTree = "<group>"; };
		ADAB93C52990334000F8D1FA /* DataManager.swift */ = {isa = PBXFileReference; fileEncoding = 4; lastKnownFileType = sourcecode.swift; path = DataManager.swift; sourceTree = "<group>"; };
		ADAB93C82990334000F8D1FA /* Patient.swift */ = {isa = PBXFileReference; fileEncoding = 4; lastKnownFileType = sourcecode.swift; path = Patient.swift; sourceTree = "<group>"; };
		ADAC893929E2C5A400B1ED8D /* chatLogView.swift */ = {isa = PBXFileReference; lastKnownFileType = sourcecode.swift; path = chatLogView.swift; sourceTree = "<group>"; };
		ADB5840A29D9668A00F47A76 /* doctorHomeView.swift */ = {isa = PBXFileReference; lastKnownFileType = sourcecode.swift; path = doctorHomeView.swift; sourceTree = "<group>"; };
		ADB5840E29D96E8D00F47A76 /* interactionHistory.swift */ = {isa = PBXFileReference; lastKnownFileType = sourcecode.swift; path = interactionHistory.swift; sourceTree = "<group>"; };
		ADB5841029D96E9E00F47A76 /* doctorProfile.swift */ = {isa = PBXFileReference; lastKnownFileType = sourcecode.swift; path = doctorProfile.swift; sourceTree = "<group>"; };
		ADB5841A29D9C68500F47A76 /* sessionAuth.swift */ = {isa = PBXFileReference; lastKnownFileType = sourcecode.swift; path = sessionAuth.swift; sourceTree = "<group>"; };
		ADB5841D29DB04B000F47A76 /* patientAccountSetup.swift */ = {isa = PBXFileReference; fileEncoding = 4; lastKnownFileType = sourcecode.swift; path = patientAccountSetup.swift; sourceTree = "<group>"; };
		ADB5841E29DB04B000F47A76 /* doctorAccountSetup.swift */ = {isa = PBXFileReference; fileEncoding = 4; lastKnownFileType = sourcecode.swift; path = doctorAccountSetup.swift; sourceTree = "<group>"; };
		ADC0274C29AB9C300092A967 /* documentLocker.swift */ = {isa = PBXFileReference; lastKnownFileType = sourcecode.swift; path = documentLocker.swift; sourceTree = "<group>"; };
/* End PBXFileReference section */

/* Begin PBXFrameworksBuildPhase section */
		ADAB92ED2990314400F8D1FA /* Frameworks */ = {
			isa = PBXFrameworksBuildPhase;
			buildActionMask = 2147483647;
			files = (
				AD428AE329DD68FF00351BC3 /* SDWebImageSwiftUI in Frameworks */,
				ADAB9305299031C500F8D1FA /* FirebaseDatabase in Frameworks */,
				ADAB9309299031C500F8D1FA /* FirebaseStorage in Frameworks */,
				ADAB9303299031C500F8D1FA /* FirebaseAuth in Frameworks */,
				ADAB9307299031C500F8D1FA /* FirebaseFirestore in Frameworks */,
			);
			runOnlyForDeploymentPostprocessing = 0;
		};
/* End PBXFrameworksBuildPhase section */

/* Begin PBXGroup section */
		AD11453529D8660400627FCE /* Chat Section */ = {
			isa = PBXGroup;
			children = (
				AD428ADC29DB13F800351BC3 /* mainMessagesView.swift */,
				AD428AD929DB096900351BC3 /* Components */,
			);
			path = "Chat Section";
			sourceTree = "<group>";
		};
		AD428AD929DB096900351BC3 /* Components */ = {
			isa = PBXGroup;
			children = (
				ADAC893929E2C5A400B1ED8D /* chatLogView.swift */,
			);
			path = Components;
			sourceTree = "<group>";
		};
		AD51A3952997AE89007926BB /* setup */ = {
			isa = PBXGroup;
			children = (
				ADB5841E29DB04B000F47A76 /* doctorAccountSetup.swift */,
				ADB5841D29DB04B000F47A76 /* patientAccountSetup.swift */,
				ADAB93AA299032E100F8D1FA /* imagePicker.swift */,
			);
			path = setup;
			sourceTree = "<group>";
		};
		AD52906F299EA3C700425FD7 /* Components */ = {
			isa = PBXGroup;
			children = (
				AD529077299FD70500425FD7 /* editProfile.swift */,
			);
			path = Components;
			sourceTree = "<group>";
		};
		AD52907A299FF22600425FD7 /* Home */ = {
			isa = PBXGroup;
			children = (
				AD52907E299FF3CA00425FD7 /* Models */,
				ADAB93A8299032E100F8D1FA /* PatientHomeView.swift */,
				AD529086299FFD1800425FD7 /* catogeryDetails.swift */,
				ADC0274C29AB9C300092A967 /* documentLocker.swift */,
			);
			path = Home;
			sourceTree = "<group>";
		};
		AD52907B299FF23000425FD7 /* Appointment */ = {
			isa = PBXGroup;
			children = (
				AD428AEA29DDB3F900351BC3 /* appointmentModel.swift */,
				ADAB93BD2990333300F8D1FA /* appointmentCard.swift */,
				ADAB93AE299032E100F8D1FA /* appointmentView.swift */,
			);
			path = Appointment;
			sourceTree = "<group>";
		};
		AD52907C299FF23D00425FD7 /* History */ = {
			isa = PBXGroup;
			children = (
				ADAB93AB299032E100F8D1FA /* medicalHistory.swift */,
			);
			path = History;
			sourceTree = "<group>";
		};
		AD52907D299FF24700425FD7 /* Profile */ = {
			isa = PBXGroup;
			children = (
				AD52906F299EA3C700425FD7 /* Components */,
				AD529070299F3C3800425FD7 /* profileView.swift */,
			);
			path = Profile;
			sourceTree = "<group>";
		};
		AD52907E299FF3CA00425FD7 /* Models */ = {
			isa = PBXGroup;
			children = (
				AD9E5CF429A23DC500778157 /* catagoryModel.swift */,
			);
			path = Models;
			sourceTree = "<group>";
		};
		ADAB92E72990314400F8D1FA = {
			isa = PBXGroup;
			children = (
				ADAB92F22990314400F8D1FA /* medicoz */,
				ADAB92F12990314400F8D1FA /* Products */,
			);
			sourceTree = "<group>";
		};
		ADAB92F12990314400F8D1FA /* Products */ = {
			isa = PBXGroup;
			children = (
				ADAB92F02990314400F8D1FA /* medicoz.app */,
			);
			name = Products;
			sourceTree = "<group>";
		};
		ADAB92F22990314400F8D1FA /* medicoz */ = {
			isa = PBXGroup;
			children = (
				AD529076299F48D300425FD7 /* Info.plist */,
				ADAB93112990321500F8D1FA /* GoogleService-Info.plist */,
				ADAB92F32990314400F8D1FA /* medicozApp.swift */,
				ADAB92F52990314400F8D1FA /* ContentView.swift */,
				ADAB93132990321500F8D1FA /* SplashScreenView.swift */,
				AD11453529D8660400627FCE /* Chat Section */,
				ADAB93C42990334000F8D1FA /* Models */,
				ADAB9398299032BD00F8D1FA /* Auth */,
				AD51A3952997AE89007926BB /* setup */,
				ADAB93A6299032E100F8D1FA /* PatientViews */,
				ADAB93A1299032D000F8D1FA /* DoctorViews */,
				ADAB931A2990326100F8D1FA /* fonts */,
				ADAB92F92990314500F8D1FA /* Preview Content */,
				ADAB92F72990314500F8D1FA /* Assets.xcassets */,
				AD428AE429DD72FA00351BC3 /* testU.swift */,
			);
			path = medicoz;
			sourceTree = "<group>";
		};
		ADAB92F92990314500F8D1FA /* Preview Content */ = {
			isa = PBXGroup;
			children = (
				ADAB92FA2990314500F8D1FA /* Preview Assets.xcassets */,
			);
			path = "Preview Content";
			sourceTree = "<group>";
		};
		ADAB931A2990326100F8D1FA /* fonts */ = {
			isa = PBXGroup;
			children = (
				ADAB935C2990326200F8D1FA /* Catamaran-Regular.ttf */,
				ADAB934E2990326200F8D1FA /* MontserratAlternates-Regular.ttf */,
				ADAB93322990326200F8D1FA /* PTMono-Regular.ttf */,
				ADAB93392990326200F8D1FA /* SourceCodePro-Regular.ttf */,
				AD529074299F489800425FD7 /* TruenoRound.otf */,
				ADAB93382990326200F8D1FA /* SpaceMono-Regular.ttf */,
				ADAB934D2990326200F8D1FA /* Poppins-Regular.ttf */,
			);
			path = fonts;
			sourceTree = "<group>";
		};
		ADAB9398299032BD00F8D1FA /* Auth */ = {
			isa = PBXGroup;
			children = (
				ADB5841C29D9C6CB00F47A76 /* Components */,
				AD11453329D863AA00627FCE /* SessionManager.swift */,
				ADB5841A29D9C68500F47A76 /* sessionAuth.swift */,
				AD90B894299B6523005F932F /* redirectAuth.swift */,
			);
			path = Auth;
			sourceTree = "<group>";
		};
		ADAB93A1299032D000F8D1FA /* DoctorViews */ = {
			isa = PBXGroup;
			children = (
				AD11453629D8662800627FCE /* doctorHome.swift */,
				ADB5840529D9662100F47A76 /* Home */,
				ADB5840629D9662800F47A76 /* Appointment */,
				ADB5840929D9665000F47A76 /* History */,
				ADB5840729D9663800F47A76 /* Profile */,
			);
			path = DoctorViews;
			sourceTree = "<group>";
		};
		ADAB93A6299032E100F8D1FA /* PatientViews */ = {
			isa = PBXGroup;
			children = (
				ADAB93A7299032E100F8D1FA /* patientHome.swift */,
				AD52907A299FF22600425FD7 /* Home */,
				AD52907B299FF23000425FD7 /* Appointment */,
				AD52907C299FF23D00425FD7 /* History */,
				AD52907D299FF24700425FD7 /* Profile */,
			);
			path = PatientViews;
			sourceTree = "<group>";
		};
		ADAB93C42990334000F8D1FA /* Models */ = {
			isa = PBXGroup;
			children = (
				ADAB93C52990334000F8D1FA /* DataManager.swift */,
				ADAB93C82990334000F8D1FA /* Patient.swift */,
				AD51A3962997FFED007926BB /* userModel.swift */,
				AD349D9629DE8E9000C8B94E /* locationView.swift */,
			);
			path = Models;
			sourceTree = "<group>";
		};
		ADB5840529D9662100F47A76 /* Home */ = {
			isa = PBXGroup;
			children = (
				ADB5840A29D9668A00F47A76 /* doctorHomeView.swift */,
			);
			path = Home;
			sourceTree = "<group>";
		};
		ADB5840629D9662800F47A76 /* Appointment */ = {
			isa = PBXGroup;
			children = (
				AD428AE829DDB02400351BC3 /* chatSection.swift */,
			);
			path = Appointment;
			sourceTree = "<group>";
		};
		ADB5840729D9663800F47A76 /* Profile */ = {
			isa = PBXGroup;
			children = (
				ADB5841029D96E9E00F47A76 /* doctorProfile.swift */,
			);
			path = Profile;
			sourceTree = "<group>";
		};
		ADB5840929D9665000F47A76 /* History */ = {
			isa = PBXGroup;
			children = (
				ADB5840E29D96E8D00F47A76 /* interactionHistory.swift */,
			);
			path = History;
			sourceTree = "<group>";
		};
		ADB5841C29D9C6CB00F47A76 /* Components */ = {
			isa = PBXGroup;
			children = (
				ADAB9399299032BD00F8D1FA /* forgotPassword.swift */,
				AD11452F29D84ED200627FCE /* doctorAuth.swift */,
				AD11453129D84EDD00627FCE /* patientAuth.swift */,
			);
			path = Components;
			sourceTree = "<group>";
		};
/* End PBXGroup section */

/* Begin PBXNativeTarget section */
		ADAB92EF2990314400F8D1FA /* medicoz */ = {
			isa = PBXNativeTarget;
			buildConfigurationList = ADAB92FE2990314500F8D1FA /* Build configuration list for PBXNativeTarget "medicoz" */;
			buildPhases = (
				ADAB92EC2990314400F8D1FA /* Sources */,
				ADAB92ED2990314400F8D1FA /* Frameworks */,
				ADAB92EE2990314400F8D1FA /* Resources */,
			);
			buildRules = (
			);
			dependencies = (
			);
			name = medicoz;
			packageProductDependencies = (
				ADAB9302299031C500F8D1FA /* FirebaseAuth */,
				ADAB9304299031C500F8D1FA /* FirebaseDatabase */,
				ADAB9306299031C500F8D1FA /* FirebaseFirestore */,
				ADAB9308299031C500F8D1FA /* FirebaseStorage */,
				AD428AE229DD68FF00351BC3 /* SDWebImageSwiftUI */,
			);
			productName = medicoz;
			productReference = ADAB92F02990314400F8D1FA /* medicoz.app */;
			productType = "com.apple.product-type.application";
		};
/* End PBXNativeTarget section */

/* Begin PBXProject section */
		ADAB92E82990314400F8D1FA /* Project object */ = {
			isa = PBXProject;
			attributes = {
				BuildIndependentTargetsInParallel = 1;
				LastSwiftUpdateCheck = 1420;
				LastUpgradeCheck = 1420;
				TargetAttributes = {
					ADAB92EF2990314400F8D1FA = {
						CreatedOnToolsVersion = 14.2;
					};
				};
			};
			buildConfigurationList = ADAB92EB2990314400F8D1FA /* Build configuration list for PBXProject "medicoz" */;
			compatibilityVersion = "Xcode 14.0";
			developmentRegion = en;
			hasScannedForEncodings = 0;
			knownRegions = (
				en,
				Base,
			);
			mainGroup = ADAB92E72990314400F8D1FA;
			packageReferences = (
				ADAB9301299031C500F8D1FA /* XCRemoteSwiftPackageReference "firebase-ios-sdk" */,
				AD428AE129DD68FF00351BC3 /* XCRemoteSwiftPackageReference "SDWebImageSwiftUI" */,
			);
			productRefGroup = ADAB92F12990314400F8D1FA /* Products */;
			projectDirPath = "";
			projectRoot = "";
			targets = (
				ADAB92EF2990314400F8D1FA /* medicoz */,
			);
		};
/* End PBXProject section */

/* Begin PBXResourcesBuildPhase section */
		ADAB92EE2990314400F8D1FA /* Resources */ = {
			isa = PBXResourcesBuildPhase;
			buildActionMask = 2147483647;
			files = (
				ADAB938A2990326200F8D1FA /* Poppins-Regular.ttf in Resources */,
				ADAB92FB2990314500F8D1FA /* Preview Assets.xcassets in Resources */,
				ADAB93972990326200F8D1FA /* Catamaran-Regular.ttf in Resources */,
				ADAB93712990326200F8D1FA /* PTMono-Regular.ttf in Resources */,
				ADAB93772990326200F8D1FA /* SourceCodePro-Regular.ttf in Resources */,
				AD529075299F489900425FD7 /* TruenoRound.otf in Resources */,
				ADAB938B2990326200F8D1FA /* MontserratAlternates-Regular.ttf in Resources */,
				ADAB92F82990314500F8D1FA /* Assets.xcassets in Resources */,
				ADAB93762990326200F8D1FA /* SpaceMono-Regular.ttf in Resources */,
				ADAB93162990321700F8D1FA /* GoogleService-Info.plist in Resources */,
			);
			runOnlyForDeploymentPostprocessing = 0;
		};
/* End PBXResourcesBuildPhase section */

/* Begin PBXSourcesBuildPhase section */
		ADAB92EC2990314400F8D1FA /* Sources */ = {
			isa = PBXSourcesBuildPhase;
			buildActionMask = 2147483647;
			files = (
				ADAB93B4299032E100F8D1FA /* medicalHistory.swift in Sources */,
				AD51A3972997FFED007926BB /* userModel.swift in Sources */,
				ADB5840B29D9668A00F47A76 /* doctorHomeView.swift in Sources */,
				AD529078299FD70500425FD7 /* editProfile.swift in Sources */,
				ADAB93B7299032E100F8D1FA /* appointmentView.swift in Sources */,
				ADAB92F62990314400F8D1FA /* ContentView.swift in Sources */,
				ADAC893A29E2C5A400B1ED8D /* chatLogView.swift in Sources */,
				ADB5841B29D9C68500F47A76 /* sessionAuth.swift in Sources */,
				AD11453029D84ED200627FCE /* doctorAuth.swift in Sources */,
				ADB5840F29D96E8D00F47A76 /* interactionHistory.swift in Sources */,
				AD428AEB29DDB3F900351BC3 /* appointmentModel.swift in Sources */,
				ADAB93B1299032E100F8D1FA /* PatientHomeView.swift in Sources */,
				AD529071299F3C3800425FD7 /* profileView.swift in Sources */,
				ADAB93B0299032E100F8D1FA /* patientHome.swift in Sources */,
				AD428AE529DD72FA00351BC3 /* testU.swift in Sources */,
				AD90B895299B6523005F932F /* redirectAuth.swift in Sources */,
				AD11453229D84EDD00627FCE /* patientAuth.swift in Sources */,
				AD428ADD29DB13F800351BC3 /* mainMessagesView.swift in Sources */,
				AD349D9729DE8E9000C8B94E /* locationView.swift in Sources */,
				AD11453429D863AA00627FCE /* SessionManager.swift in Sources */,
				ADC0274D29AB9C300092A967 /* documentLocker.swift in Sources */,
				ADAB92F42990314400F8D1FA /* medicozApp.swift in Sources */,
				AD11453729D8662800627FCE /* doctorHome.swift in Sources */,
				ADB5841129D96E9E00F47A76 /* doctorProfile.swift in Sources */,
				AD529087299FFD1800425FD7 /* catogeryDetails.swift in Sources */,
				ADAB93B3299032E100F8D1FA /* imagePicker.swift in Sources */,
				ADB5842029DB04B000F47A76 /* doctorAccountSetup.swift in Sources */,
				ADAB93C22990333400F8D1FA /* appointmentCard.swift in Sources */,
				AD9E5CF529A23DC500778157 /* catagoryModel.swift in Sources */,
				AD428AE929DDB02400351BC3 /* chatSection.swift in Sources */,
				ADAB93CA2990334000F8D1FA /* DataManager.swift in Sources */,
				ADAB93182990321700F8D1FA /* SplashScreenView.swift in Sources */,
				ADAB939D299032BD00F8D1FA /* forgotPassword.swift in Sources */,
				ADB5841F29DB04B000F47A76 /* patientAccountSetup.swift in Sources */,
				ADAB93CD2990334000F8D1FA /* Patient.swift in Sources */,
			);
			runOnlyForDeploymentPostprocessing = 0;
		};
/* End PBXSourcesBuildPhase section */

/* Begin XCBuildConfiguration section */
		ADAB92FC2990314500F8D1FA /* Debug */ = {
			isa = XCBuildConfiguration;
			buildSettings = {
				ALWAYS_SEARCH_USER_PATHS = NO;
				CLANG_ANALYZER_NONNULL = YES;
				CLANG_ANALYZER_NUMBER_OBJECT_CONVERSION = YES_AGGRESSIVE;
				CLANG_CXX_LANGUAGE_STANDARD = "gnu++20";
				CLANG_ENABLE_MODULES = YES;
				CLANG_ENABLE_OBJC_ARC = YES;
				CLANG_ENABLE_OBJC_WEAK = YES;
				CLANG_WARN_BLOCK_CAPTURE_AUTORELEASING = YES;
				CLANG_WARN_BOOL_CONVERSION = YES;
				CLANG_WARN_COMMA = YES;
				CLANG_WARN_CONSTANT_CONVERSION = YES;
				CLANG_WARN_DEPRECATED_OBJC_IMPLEMENTATIONS = YES;
				CLANG_WARN_DIRECT_OBJC_ISA_USAGE = YES_ERROR;
				CLANG_WARN_DOCUMENTATION_COMMENTS = YES;
				CLANG_WARN_EMPTY_BODY = YES;
				CLANG_WARN_ENUM_CONVERSION = YES;
				CLANG_WARN_INFINITE_RECURSION = YES;
				CLANG_WARN_INT_CONVERSION = YES;
				CLANG_WARN_NON_LITERAL_NULL_CONVERSION = YES;
				CLANG_WARN_OBJC_IMPLICIT_RETAIN_SELF = YES;
				CLANG_WARN_OBJC_LITERAL_CONVERSION = YES;
				CLANG_WARN_OBJC_ROOT_CLASS = YES_ERROR;
				CLANG_WARN_QUOTED_INCLUDE_IN_FRAMEWORK_HEADER = YES;
				CLANG_WARN_RANGE_LOOP_ANALYSIS = YES;
				CLANG_WARN_STRICT_PROTOTYPES = YES;
				CLANG_WARN_SUSPICIOUS_MOVE = YES;
				CLANG_WARN_UNGUARDED_AVAILABILITY = YES_AGGRESSIVE;
				CLANG_WARN_UNREACHABLE_CODE = YES;
				CLANG_WARN__DUPLICATE_METHOD_MATCH = YES;
				COPY_PHASE_STRIP = NO;
				DEBUG_INFORMATION_FORMAT = dwarf;
				ENABLE_STRICT_OBJC_MSGSEND = YES;
				ENABLE_TESTABILITY = YES;
				GCC_C_LANGUAGE_STANDARD = gnu11;
				GCC_DYNAMIC_NO_PIC = NO;
				GCC_NO_COMMON_BLOCKS = YES;
				GCC_OPTIMIZATION_LEVEL = 0;
				GCC_PREPROCESSOR_DEFINITIONS = (
					"DEBUG=1",
					"$(inherited)",
				);
				GCC_WARN_64_TO_32_BIT_CONVERSION = YES;
				GCC_WARN_ABOUT_RETURN_TYPE = YES_ERROR;
				GCC_WARN_UNDECLARED_SELECTOR = YES;
				GCC_WARN_UNINITIALIZED_AUTOS = YES_AGGRESSIVE;
				GCC_WARN_UNUSED_FUNCTION = YES;
				GCC_WARN_UNUSED_VARIABLE = YES;
				IPHONEOS_DEPLOYMENT_TARGET = 16.2;
				MTL_ENABLE_DEBUG_INFO = INCLUDE_SOURCE;
				MTL_FAST_MATH = YES;
				ONLY_ACTIVE_ARCH = YES;
				SDKROOT = iphoneos;
				SWIFT_ACTIVE_COMPILATION_CONDITIONS = DEBUG;
				SWIFT_OPTIMIZATION_LEVEL = "-Onone";
			};
			name = Debug;
		};
		ADAB92FD2990314500F8D1FA /* Release */ = {
			isa = XCBuildConfiguration;
			buildSettings = {
				ALWAYS_SEARCH_USER_PATHS = NO;
				CLANG_ANALYZER_NONNULL = YES;
				CLANG_ANALYZER_NUMBER_OBJECT_CONVERSION = YES_AGGRESSIVE;
				CLANG_CXX_LANGUAGE_STANDARD = "gnu++20";
				CLANG_ENABLE_MODULES = YES;
				CLANG_ENABLE_OBJC_ARC = YES;
				CLANG_ENABLE_OBJC_WEAK = YES;
				CLANG_WARN_BLOCK_CAPTURE_AUTORELEASING = YES;
				CLANG_WARN_BOOL_CONVERSION = YES;
				CLANG_WARN_COMMA = YES;
				CLANG_WARN_CONSTANT_CONVERSION = YES;
				CLANG_WARN_DEPRECATED_OBJC_IMPLEMENTATIONS = YES;
				CLANG_WARN_DIRECT_OBJC_ISA_USAGE = YES_ERROR;
				CLANG_WARN_DOCUMENTATION_COMMENTS = YES;
				CLANG_WARN_EMPTY_BODY = YES;
				CLANG_WARN_ENUM_CONVERSION = YES;
				CLANG_WARN_INFINITE_RECURSION = YES;
				CLANG_WARN_INT_CONVERSION = YES;
				CLANG_WARN_NON_LITERAL_NULL_CONVERSION = YES;
				CLANG_WARN_OBJC_IMPLICIT_RETAIN_SELF = YES;
				CLANG_WARN_OBJC_LITERAL_CONVERSION = YES;
				CLANG_WARN_OBJC_ROOT_CLASS = YES_ERROR;
				CLANG_WARN_QUOTED_INCLUDE_IN_FRAMEWORK_HEADER = YES;
				CLANG_WARN_RANGE_LOOP_ANALYSIS = YES;
				CLANG_WARN_STRICT_PROTOTYPES = YES;
				CLANG_WARN_SUSPICIOUS_MOVE = YES;
				CLANG_WARN_UNGUARDED_AVAILABILITY = YES_AGGRESSIVE;
				CLANG_WARN_UNREACHABLE_CODE = YES;
				CLANG_WARN__DUPLICATE_METHOD_MATCH = YES;
				COPY_PHASE_STRIP = NO;
				DEBUG_INFORMATION_FORMAT = "dwarf-with-dsym";
				ENABLE_NS_ASSERTIONS = NO;
				ENABLE_STRICT_OBJC_MSGSEND = YES;
				GCC_C_LANGUAGE_STANDARD = gnu11;
				GCC_NO_COMMON_BLOCKS = YES;
				GCC_WARN_64_TO_32_BIT_CONVERSION = YES;
				GCC_WARN_ABOUT_RETURN_TYPE = YES_ERROR;
				GCC_WARN_UNDECLARED_SELECTOR = YES;
				GCC_WARN_UNINITIALIZED_AUTOS = YES_AGGRESSIVE;
				GCC_WARN_UNUSED_FUNCTION = YES;
				GCC_WARN_UNUSED_VARIABLE = YES;
				IPHONEOS_DEPLOYMENT_TARGET = 16.2;
				MTL_ENABLE_DEBUG_INFO = NO;
				MTL_FAST_MATH = YES;
				SDKROOT = iphoneos;
				SWIFT_COMPILATION_MODE = wholemodule;
				SWIFT_OPTIMIZATION_LEVEL = "-O";
				VALIDATE_PRODUCT = YES;
			};
			name = Release;
		};
		ADAB92FF2990314500F8D1FA /* Debug */ = {
			isa = XCBuildConfiguration;
			buildSettings = {
				ASSETCATALOG_COMPILER_APPICON_NAME = AppIcon;
				ASSETCATALOG_COMPILER_GLOBAL_ACCENT_COLOR_NAME = AccentColor;
				CODE_SIGN_STYLE = Automatic;
				CURRENT_PROJECT_VERSION = 1;
				DEVELOPMENT_ASSET_PATHS = "\"medicoz/Preview Content\"";
				DEVELOPMENT_TEAM = M55L7NG694;
				ENABLE_PREVIEWS = YES;
				GENERATE_INFOPLIST_FILE = YES;
				INFOPLIST_FILE = medicoz/Info.plist;
				INFOPLIST_KEY_UIApplicationSceneManifest_Generation = YES;
				INFOPLIST_KEY_UIApplicationSupportsIndirectInputEvents = YES;
				INFOPLIST_KEY_UILaunchScreen_Generation = YES;
				INFOPLIST_KEY_UISupportedInterfaceOrientations_iPad = "UIInterfaceOrientationPortrait UIInterfaceOrientationPortraitUpsideDown UIInterfaceOrientationLandscapeLeft UIInterfaceOrientationLandscapeRight";
				INFOPLIST_KEY_UISupportedInterfaceOrientations_iPhone = "UIInterfaceOrientationPortrait UIInterfaceOrientationLandscapeLeft UIInterfaceOrientationLandscapeRight";
				LD_RUNPATH_SEARCH_PATHS = (
					"$(inherited)",
					"@executable_path/Frameworks",
				);
				MARKETING_VERSION = 1.0;
				PRODUCT_BUNDLE_IDENTIFIER = sachin.medicoz;
				PRODUCT_NAME = "$(TARGET_NAME)";
				SWIFT_EMIT_LOC_STRINGS = YES;
				SWIFT_VERSION = 5.0;
				TARGETED_DEVICE_FAMILY = "1,2";
			};
			name = Debug;
		};
		ADAB93002990314500F8D1FA /* Release */ = {
			isa = XCBuildConfiguration;
			buildSettings = {
				ASSETCATALOG_COMPILER_APPICON_NAME = AppIcon;
				ASSETCATALOG_COMPILER_GLOBAL_ACCENT_COLOR_NAME = AccentColor;
				CODE_SIGN_STYLE = Automatic;
				CURRENT_PROJECT_VERSION = 1;
				DEVELOPMENT_ASSET_PATHS = "\"medicoz/Preview Content\"";
				DEVELOPMENT_TEAM = M55L7NG694;
				ENABLE_PREVIEWS = YES;
				GENERATE_INFOPLIST_FILE = YES;
				INFOPLIST_FILE = medicoz/Info.plist;
				INFOPLIST_KEY_UIApplicationSceneManifest_Generation = YES;
				INFOPLIST_KEY_UIApplicationSupportsIndirectInputEvents = YES;
				INFOPLIST_KEY_UILaunchScreen_Generation = YES;
				INFOPLIST_KEY_UISupportedInterfaceOrientations_iPad = "UIInterfaceOrientationPortrait UIInterfaceOrientationPortraitUpsideDown UIInterfaceOrientationLandscapeLeft UIInterfaceOrientationLandscapeRight";
				INFOPLIST_KEY_UISupportedInterfaceOrientations_iPhone = "UIInterfaceOrientationPortrait UIInterfaceOrientationLandscapeLeft UIInterfaceOrientationLandscapeRight";
				LD_RUNPATH_SEARCH_PATHS = (
					"$(inherited)",
					"@executable_path/Frameworks",
				);
				MARKETING_VERSION = 1.0;
				PRODUCT_BUNDLE_IDENTIFIER = sachin.medicoz;
				PRODUCT_NAME = "$(TARGET_NAME)";
				SWIFT_EMIT_LOC_STRINGS = YES;
				SWIFT_VERSION = 5.0;
				TARGETED_DEVICE_FAMILY = "1,2";
			};
			name = Release;
		};
/* End XCBuildConfiguration section */

/* Begin XCConfigurationList section */
		ADAB92EB2990314400F8D1FA /* Build configuration list for PBXProject "medicoz" */ = {
			isa = XCConfigurationList;
			buildConfigurations = (
				ADAB92FC2990314500F8D1FA /* Debug */,
				ADAB92FD2990314500F8D1FA /* Release */,
			);
			defaultConfigurationIsVisible = 0;
			defaultConfigurationName = Release;
		};
		ADAB92FE2990314500F8D1FA /* Build configuration list for PBXNativeTarget "medicoz" */ = {
			isa = XCConfigurationList;
			buildConfigurations = (
				ADAB92FF2990314500F8D1FA /* Debug */,
				ADAB93002990314500F8D1FA /* Release */,
			);
			defaultConfigurationIsVisible = 0;
			defaultConfigurationName = Release;
		};
/* End XCConfigurationList section */

/* Begin XCRemoteSwiftPackageReference section */
		AD428AE129DD68FF00351BC3 /* XCRemoteSwiftPackageReference "SDWebImageSwiftUI" */ = {
			isa = XCRemoteSwiftPackageReference;
			repositoryURL = "https://github.com/SDWebImage/SDWebImageSwiftUI.git";
			requirement = {
				kind = upToNextMajorVersion;
				minimumVersion = 2.0.0;
			};
		};
		ADAB9301299031C500F8D1FA /* XCRemoteSwiftPackageReference "firebase-ios-sdk" */ = {
			isa = XCRemoteSwiftPackageReference;
			repositoryURL = "https://github.com/firebase/firebase-ios-sdk.git";
			requirement = {
				kind = upToNextMajorVersion;
				minimumVersion = 9.0.0;
			};
		};
/* End XCRemoteSwiftPackageReference section */

/* Begin XCSwiftPackageProductDependency section */
		AD428AE229DD68FF00351BC3 /* SDWebImageSwiftUI */ = {
			isa = XCSwiftPackageProductDependency;
			package = AD428AE129DD68FF00351BC3 /* XCRemoteSwiftPackageReference "SDWebImageSwiftUI" */;
			productName = SDWebImageSwiftUI;
		};
		ADAB9302299031C500F8D1FA /* FirebaseAuth */ = {
			isa = XCSwiftPackageProductDependency;
			package = ADAB9301299031C500F8D1FA /* XCRemoteSwiftPackageReference "firebase-ios-sdk" */;
			productName = FirebaseAuth;
		};
		ADAB9304299031C500F8D1FA /* FirebaseDatabase */ = {
			isa = XCSwiftPackageProductDependency;
			package = ADAB9301299031C500F8D1FA /* XCRemoteSwiftPackageReference "firebase-ios-sdk" */;
			productName = FirebaseDatabase;
		};
		ADAB9306299031C500F8D1FA /* FirebaseFirestore */ = {
			isa = XCSwiftPackageProductDependency;
			package = ADAB9301299031C500F8D1FA /* XCRemoteSwiftPackageReference "firebase-ios-sdk" */;
			productName = FirebaseFirestore;
		};
		ADAB9308299031C500F8D1FA /* FirebaseStorage */ = {
			isa = XCSwiftPackageProductDependency;
			package = ADAB9301299031C500F8D1FA /* XCRemoteSwiftPackageReference "firebase-ios-sdk" */;
			productName = FirebaseStorage;
		};
/* End XCSwiftPackageProductDependency section */
	};
	rootObject = ADAB92E82990314400F8D1FA /* Project object */;
}
